
Microsoft Visual Studio Solution File, Format Version 12.00
# Visual Studio Version 16
VisualStudioVersion = 16.0.29009.5
MinimumVisualStudioVersion = 10.0.40219.1
Project("{9A19103F-16F7-4668-BE54-9A1E7A4F7556}") = "MotoGPCalendar.API", "MotoGPCalendar.API\MotoGPCalendar.API.csproj", "{25E4A7AC-3C80-4DE5-A904-58BE6415472C}"
EndProject
Project("{9A19103F-16F7-4668-BE54-9A1E7A4F7556}") = "MotoGPCalendar.Domain", "MotoGPCalendar.Domain\MotoGPCalendar.Domain.csproj", "{49D4E30C-C51F-4D44-9582-9239A66D3DFB}"
EndProject
Project("{9A19103F-16F7-4668-BE54-9A1E7A4F7556}") = "MotoGPCalendar.Data", "MotoGPCalendar.Data\MotoGPCalendar.Data.csproj", "{6835E1B9-F169-4507-B1B6-77605AAB8468}"
EndProject
Project("{9A19103F-16F7-4668-BE54-9A1E7A4F7556}") = "MotoGPCalendar.Business", "MotoGPCalendar.Business\MotoGPCalendar.Business.csproj", "{548A36C9-0D53-47E0-AE4A-B548ADFCC1B1}"
EndProject
Project("{9A19103F-16F7-4668-BE54-9A1E7A4F7556}") = "MotoGPCalendar.DTOs", "MotoGPCalendar.DTOs\MotoGPCalendar.DTOs.csproj", "{36993889-5F9D-412C-8FCA-EDCE147A6435}"
EndProject
Project("{FAE04EC0-301F-11D3-BF4B-00C04F79EFBC}") = "MotoGPCalendar.Business.Tests", "MotoGPCalendar.Business.Tests\MotoGPCalendar.Business.Tests.csproj", "{C0CB0BE7-13AE-4794-9A28-82BC04D0FCEF}"
EndProject
Project("{FAE04EC0-301F-11D3-BF4B-00C04F79EFBC}") = "MotoGPCalendar.Data.Tests", "MotoGPCalendar.Data.Tests\MotoGPCalendar.Data.Tests.csproj", "{3CD2AB31-696E-407C-9CD7-B5E3BE097C99}"
EndProject
Global
	GlobalSection(SolutionConfigurationPlatforms) = preSolution
		Debug|Any CPU = Debug|Any CPU
		Release|Any CPU = Release|Any CPU
	EndGlobalSection
	GlobalSection(ProjectConfigurationPlatforms) = postSolution
		{25E4A7AC-3C80-4DE5-A904-58BE6415472C}.Debug|Any CPU.ActiveCfg = Debug|Any CPU
		{25E4A7AC-3C80-4DE5-A904-58BE6415472C}.Debug|Any CPU.Build.0 = Debug|Any CPU
		{25E4A7AC-3C80-4DE5-A904-58BE6415472C}.Release|Any CPU.ActiveCfg = Release|Any CPU
		{25E4A7AC-3C80-4DE5-A904-58BE6415472C}.Release|Any CPU.Build.0 = Release|Any CPU
		{49D4E30C-C51F-4D44-9582-9239A66D3DFB}.Debug|Any CPU.ActiveCfg = Debug|Any CPU
		{49D4E30C-C51F-4D44-9582-9239A66D3DFB}.Debug|Any CPU.Build.0 = Debug|Any CPU
		{49D4E30C-C51F-4D44-9582-9239A66D3DFB}.Release|Any CPU.ActiveCfg = Release|Any CPU
		{49D4E30C-C51F-4D44-9582-9239A66D3DFB}.Release|Any CPU.Build.0 = Release|Any CPU
		{6835E1B9-F169-4507-B1B6-77605AAB8468}.Debug|Any CPU.ActiveCfg = Debug|Any CPU
		{6835E1B9-F169-4507-B1B6-77605AAB8468}.Debug|Any CPU.Build.0 = Debug|Any CPU
		{6835E1B9-F169-4507-B1B6-77605AAB8468}.Release|Any CPU.ActiveCfg = Release|Any CPU
		{6835E1B9-F169-4507-B1B6-77605AAB8468}.Release|Any CPU.Build.0 = Release|Any CPU
		{548A36C9-0D53-47E0-AE4A-B548ADFCC1B1}.Debug|Any CPU.ActiveCfg = Debug|Any CPU
		{548A36C9-0D53-47E0-AE4A-B548ADFCC1B1}.Debug|Any CPU.Build.0 = Debug|Any CPU
		{548A36C9-0D53-47E0-AE4A-B548ADFCC1B1}.Release|Any CPU.ActiveCfg = Release|Any CPU
		{548A36C9-0D53-47E0-AE4A-B548ADFCC1B1}.Release|Any CPU.Build.0 = Release|Any CPU
		{36993889-5F9D-412C-8FCA-EDCE147A6435}.Debug|Any CPU.ActiveCfg = Debug|Any CPU
		{36993889-5F9D-412C-8FCA-EDCE147A6435}.Debug|Any CPU.Build.0 = Debug|Any CPU
		{36993889-5F9D-412C-8FCA-EDCE147A6435}.Release|Any CPU.ActiveCfg = Release|Any CPU
		{36993889-5F9D-412C-8FCA-EDCE147A6435}.Release|Any CPU.Build.0 = Release|Any CPU
		{C0CB0BE7-13AE-4794-9A28-82BC04D0FCEF}.Debug|Any CPU.ActiveCfg = Debug|Any CPU
		{C0CB0BE7-13AE-4794-9A28-82BC04D0FCEF}.Debug|Any CPU.Build.0 = Debug|Any CPU
		{C0CB0BE7-13AE-4794-9A28-82BC04D0FCEF}.Release|Any CPU.ActiveCfg = Release|Any CPU
		{C0CB0BE7-13AE-4794-9A28-82BC04D0FCEF}.Release|Any CPU.Build.0 = Release|Any CPU
		{3CD2AB31-696E-407C-9CD7-B5E3BE097C99}.Debug|Any CPU.ActiveCfg = Debug|Any CPU
		{3CD2AB31-696E-407C-9CD7-B5E3BE097C99}.Debug|Any CPU.Build.0 = Debug|Any CPU
		{3CD2AB31-696E-407C-9CD7-B5E3BE097C99}.Release|Any CPU.ActiveCfg = Release|Any CPU
		{3CD2AB31-696E-407C-9CD7-B5E3BE097C99}.Release|Any CPU.Build.0 = Release|Any CPU
	EndGlobalSection
	GlobalSection(SolutionProperties) = preSolution
		HideSolutionNode = FALSE
	EndGlobalSection
	GlobalSection(ExtensibilityGlobals) = postSolution
		SolutionGuid = {AF0EBD55-5736-4820-8E03-D7953E663829}
	EndGlobalSection
EndGlobal
